
Microsoft Visual Studio Solution File, Format Version 12.00
# Visual Studio Version 17
VisualStudioVersion = 17.0.31903.59
MinimumVisualStudioVersion = 10.0.40219.1
Project("{FAE04EC0-301F-11D3-BF4B-00C04F79EFBC}") = "DPKS.Model", "DPKS.Model\DPKS.Model.csproj", "{ACA33D75-C00E-4558-AE47-40B08AC5B435}"
EndProject
Project("{FAE04EC0-301F-11D3-BF4B-00C04F79EFBC}") = "DPKS.Common", "DPKS.Common\DPKS.Common.csproj", "{F65C4AA9-5AAE-48D3-9DE2-2AE9C00FE974}"
EndProject
Project("{FAE04EC0-301F-11D3-BF4B-00C04F79EFBC}") = "DPKS.Data", "DPKS.Data\DPKS.Data.csproj", "{63EB1F53-A311-4A3D-9BA8-F9859891DA0E}"
EndProject
Project("{FAE04EC0-301F-11D3-BF4B-00C04F79EFBC}") = "DPKS.Service", "DPKS.Service\DPKS.Service.csproj", "{6493F7BD-9918-49D4-A1BE-C26C997C1D00}"
EndProject
Project("{FAE04EC0-301F-11D3-BF4B-00C04F79EFBC}") = "DPKS.API", "DPKS.API\DPKS.API.csproj", "{0320DD90-553F-4B84-89E5-92B0E02DBB85}"
EndProject
Project("{FAE04EC0-301F-11D3-BF4B-00C04F79EFBC}") = "DPKS.APP", "DPKS.APP\DPKS.APP.csproj", "{C4E1BF11-7650-4649-B011-E7C02D1B060E}"
EndProject
Global
	GlobalSection(SolutionConfigurationPlatforms) = preSolution
		Debug|Any CPU = Debug|Any CPU
		Debug|x64 = Debug|x64
		Debug|x86 = Debug|x86
		Release|Any CPU = Release|Any CPU
		Release|x64 = Release|x64
		Release|x86 = Release|x86
	EndGlobalSection
	GlobalSection(ProjectConfigurationPlatforms) = postSolution
		{ACA33D75-C00E-4558-AE47-40B08AC5B435}.Debug|Any CPU.ActiveCfg = Debug|Any CPU
		{ACA33D75-C00E-4558-AE47-40B08AC5B435}.Debug|Any CPU.Build.0 = Debug|Any CPU
		{ACA33D75-C00E-4558-AE47-40B08AC5B435}.Debug|x64.ActiveCfg = Debug|Any CPU
		{ACA33D75-C00E-4558-AE47-40B08AC5B435}.Debug|x64.Build.0 = Debug|Any CPU
		{ACA33D75-C00E-4558-AE47-40B08AC5B435}.Debug|x86.ActiveCfg = Debug|Any CPU
		{ACA33D75-C00E-4558-AE47-40B08AC5B435}.Debug|x86.Build.0 = Debug|Any CPU
		{ACA33D75-C00E-4558-AE47-40B08AC5B435}.Release|Any CPU.ActiveCfg = Release|Any CPU
		{ACA33D75-C00E-4558-AE47-40B08AC5B435}.Release|Any CPU.Build.0 = Release|Any CPU
		{ACA33D75-C00E-4558-AE47-40B08AC5B435}.Release|x64.ActiveCfg = Release|Any CPU
		{ACA33D75-C00E-4558-AE47-40B08AC5B435}.Release|x64.Build.0 = Release|Any CPU
		{ACA33D75-C00E-4558-AE47-40B08AC5B435}.Release|x86.ActiveCfg = Release|Any CPU
		{ACA33D75-C00E-4558-AE47-40B08AC5B435}.Release|x86.Build.0 = Release|Any CPU
		{F65C4AA9-5AAE-48D3-9DE2-2AE9C00FE974}.Debug|Any CPU.ActiveCfg = Debug|Any CPU
		{F65C4AA9-5AAE-48D3-9DE2-2AE9C00FE974}.Debug|Any CPU.Build.0 = Debug|Any CPU
		{F65C4AA9-5AAE-48D3-9DE2-2AE9C00FE974}.Debug|x64.ActiveCfg = Debug|Any CPU
		{F65C4AA9-5AAE-48D3-9DE2-2AE9C00FE974}.Debug|x64.Build.0 = Debug|Any CPU
		{F65C4AA9-5AAE-48D3-9DE2-2AE9C00FE974}.Debug|x86.ActiveCfg = Debug|Any CPU
		{F65C4AA9-5AAE-48D3-9DE2-2AE9C00FE974}.Debug|x86.Build.0 = Debug|Any CPU
		{F65C4AA9-5AAE-48D3-9DE2-2AE9C00FE974}.Release|Any CPU.ActiveCfg = Release|Any CPU
		{F65C4AA9-5AAE-48D3-9DE2-2AE9C00FE974}.Release|Any CPU.Build.0 = Release|Any CPU
		{F65C4AA9-5AAE-48D3-9DE2-2AE9C00FE974}.Release|x64.ActiveCfg = Release|Any CPU
		{F65C4AA9-5AAE-48D3-9DE2-2AE9C00FE974}.Release|x64.Build.0 = Release|Any CPU
		{F65C4AA9-5AAE-48D3-9DE2-2AE9C00FE974}.Release|x86.ActiveCfg = Release|Any CPU
		{F65C4AA9-5AAE-48D3-9DE2-2AE9C00FE974}.Release|x86.Build.0 = Release|Any CPU
		{63EB1F53-A311-4A3D-9BA8-F9859891DA0E}.Debug|Any CPU.ActiveCfg = Debug|Any CPU
		{63EB1F53-A311-4A3D-9BA8-F9859891DA0E}.Debug|Any CPU.Build.0 = Debug|Any CPU
		{63EB1F53-A311-4A3D-9BA8-F9859891DA0E}.Debug|x64.ActiveCfg = Debug|Any CPU
		{63EB1F53-A311-4A3D-9BA8-F9859891DA0E}.Debug|x64.Build.0 = Debug|Any CPU
		{63EB1F53-A311-4A3D-9BA8-F9859891DA0E}.Debug|x86.ActiveCfg = Debug|Any CPU
		{63EB1F53-A311-4A3D-9BA8-F9859891DA0E}.Debug|x86.Build.0 = Debug|Any CPU
		{63EB1F53-A311-4A3D-9BA8-F9859891DA0E}.Release|Any CPU.ActiveCfg = Release|Any CPU
		{63EB1F53-A311-4A3D-9BA8-F9859891DA0E}.Release|Any CPU.Build.0 = Release|Any CPU
		{63EB1F53-A311-4A3D-9BA8-F9859891DA0E}.Release|x64.ActiveCfg = Release|Any CPU
		{63EB1F53-A311-4A3D-9BA8-F9859891DA0E}.Release|x64.Build.0 = Release|Any CPU
		{63EB1F53-A311-4A3D-9BA8-F9859891DA0E}.Release|x86.ActiveCfg = Release|Any CPU
		{63EB1F53-A311-4A3D-9BA8-F9859891DA0E}.Release|x86.Build.0 = Release|Any CPU
		{6493F7BD-9918-49D4-A1BE-C26C997C1D00}.Debug|Any CPU.ActiveCfg = Debug|Any CPU
		{6493F7BD-9918-49D4-A1BE-C26C997C1D00}.Debug|Any CPU.Build.0 = Debug|Any CPU
		{6493F7BD-9918-49D4-A1BE-C26C997C1D00}.Debug|x64.ActiveCfg = Debug|Any CPU
		{6493F7BD-9918-49D4-A1BE-C26C997C1D00}.Debug|x64.Build.0 = Debug|Any CPU
		{6493F7BD-9918-49D4-A1BE-C26C997C1D00}.Debug|x86.ActiveCfg = Debug|Any CPU
		{6493F7BD-9918-49D4-A1BE-C26C997C1D00}.Debug|x86.Build.0 = Debug|Any CPU
		{6493F7BD-9918-49D4-A1BE-C26C997C1D00}.Release|Any CPU.ActiveCfg = Release|Any CPU
		{6493F7BD-9918-49D4-A1BE-C26C997C1D00}.Release|Any CPU.Build.0 = Release|Any CPU
		{6493F7BD-9918-49D4-A1BE-C26C997C1D00}.Release|x64.ActiveCfg = Release|Any CPU
		{6493F7BD-9918-49D4-A1BE-C26C997C1D00}.Release|x64.Build.0 = Release|Any CPU
		{6493F7BD-9918-49D4-A1BE-C26C997C1D00}.Release|x86.ActiveCfg = Release|Any CPU
		{6493F7BD-9918-49D4-A1BE-C26C997C1D00}.Release|x86.Build.0 = Release|Any CPU
		{0320DD90-553F-4B84-89E5-92B0E02DBB85}.Debug|Any CPU.ActiveCfg = Debug|Any CPU
		{0320DD90-553F-4B84-89E5-92B0E02DBB85}.Debug|Any CPU.Build.0 = Debug|Any CPU
		{0320DD90-553F-4B84-89E5-92B0E02DBB85}.Debug|x64.ActiveCfg = Debug|Any CPU
		{0320DD90-553F-4B84-89E5-92B0E02DBB85}.Debug|x64.Build.0 = Debug|Any CPU
		{0320DD90-553F-4B84-89E5-92B0E02DBB85}.Debug|x86.ActiveCfg = Debug|Any CPU
		{0320DD90-553F-4B84-89E5-92B0E02DBB85}.Debug|x86.Build.0 = Debug|Any CPU
		{0320DD90-553F-4B84-89E5-92B0E02DBB85}.Release|Any CPU.ActiveCfg = Release|Any CPU
		{0320DD90-553F-4B84-89E5-92B0E02DBB85}.Release|Any CPU.Build.0 = Release|Any CPU
		{0320DD90-553F-4B84-89E5-92B0E02DBB85}.Release|x64.ActiveCfg = Release|Any CPU
		{0320DD90-553F-4B84-89E5-92B0E02DBB85}.Release|x64.Build.0 = Release|Any CPU
		{0320DD90-553F-4B84-89E5-92B0E02DBB85}.Release|x86.ActiveCfg = Release|Any CPU
		{0320DD90-553F-4B84-89E5-92B0E02DBB85}.Release|x86.Build.0 = Release|Any CPU
		{C4E1BF11-7650-4649-B011-E7C02D1B060E}.Debug|Any CPU.ActiveCfg = Debug|Any CPU
		{C4E1BF11-7650-4649-B011-E7C02D1B060E}.Debug|Any CPU.Build.0 = Debug|Any CPU
		{C4E1BF11-7650-4649-B011-E7C02D1B060E}.Debug|x64.ActiveCfg = Debug|Any CPU
		{C4E1BF11-7650-4649-B011-E7C02D1B060E}.Debug|x64.Build.0 = Debug|Any CPU
		{C4E1BF11-7650-4649-B011-E7C02D1B060E}.Debug|x86.ActiveCfg = Debug|Any CPU
		{C4E1BF11-7650-4649-B011-E7C02D1B060E}.Debug|x86.Build.0 = Debug|Any CPU
		{C4E1BF11-7650-4649-B011-E7C02D1B060E}.Release|Any CPU.ActiveCfg = Release|Any CPU
		{C4E1BF11-7650-4649-B011-E7C02D1B060E}.Release|Any CPU.Build.0 = Release|Any CPU
		{C4E1BF11-7650-4649-B011-E7C02D1B060E}.Release|x64.ActiveCfg = Release|Any CPU
		{C4E1BF11-7650-4649-B011-E7C02D1B060E}.Release|x64.Build.0 = Release|Any CPU
		{C4E1BF11-7650-4649-B011-E7C02D1B060E}.Release|x86.ActiveCfg = Release|Any CPU
		{C4E1BF11-7650-4649-B011-E7C02D1B060E}.Release|x86.Build.0 = Release|Any CPU
	EndGlobalSection
	GlobalSection(SolutionProperties) = preSolution
		HideSolutionNode = FALSE
	EndGlobalSection
EndGlobal
