
Microsoft Visual Studio Solution File, Format Version 12.00
# Visual Studio Version 17
VisualStudioVersion = 17.13.35913.81
MinimumVisualStudioVersion = 10.0.40219.1
Project("{FAE04EC0-301F-11D3-BF4B-00C04F79EFBC}") = "DPKS.API", "DPKS.API.csproj", "{D6D59CBD-71DA-40A4-BF97-1C12C23D0C6C}"
	ProjectSection(ProjectDependencies) = postProject
		{AFB7BF90-43F0-4610-90DA-58624A17F7E4} = {AFB7BF90-43F0-4610-90DA-58624A17F7E4}
		{DA48BF75-5076-469F-AA6D-B667D799D43B} = {DA48BF75-5076-469F-AA6D-B667D799D43B}
		{F9672499-BC68-4645-8ACF-3BEA0DED7F05} = {F9672499-BC68-4645-8ACF-3BEA0DED7F05}
	EndProjectSection
EndProject
Project("{FAE04EC0-301F-11D3-BF4B-00C04F79EFBC}") = "DPKS.App", "..\DPKS.App\DPKS.App.csproj", "{3E170127-B920-4F24-91F4-2D7BB67BB178}"
	ProjectSection(ProjectDependencies) = postProject
		{AFB7BF90-43F0-4610-90DA-58624A17F7E4} = {AFB7BF90-43F0-4610-90DA-58624A17F7E4}
		{CE7785EA-CD3A-4113-B2CF-5DBC9B92F033} = {CE7785EA-CD3A-4113-B2CF-5DBC9B92F033}
		{DA48BF75-5076-469F-AA6D-B667D799D43B} = {DA48BF75-5076-469F-AA6D-B667D799D43B}
		{F9672499-BC68-4645-8ACF-3BEA0DED7F05} = {F9672499-BC68-4645-8ACF-3BEA0DED7F05}
	EndProjectSection
EndProject
Project("{FAE04EC0-301F-11D3-BF4B-00C04F79EFBC}") = "DPKS.Common", "..\DPKS.Common\DPKS.Common.csproj", "{AFB7BF90-43F0-4610-90DA-58624A17F7E4}"
EndProject
Project("{FAE04EC0-301F-11D3-BF4B-00C04F79EFBC}") = "DPKS.Data", "..\DPKS.Data\DPKS.Data.csproj", "{F9672499-BC68-4645-8ACF-3BEA0DED7F05}"
	ProjectSection(ProjectDependencies) = postProject
		{AFB7BF90-43F0-4610-90DA-58624A17F7E4} = {AFB7BF90-43F0-4610-90DA-58624A17F7E4}
	EndProjectSection
EndProject
Project("{FAE04EC0-301F-11D3-BF4B-00C04F79EFBC}") = "DPKS.Model", "..\DPKS.Model\DPKS.Model.csproj", "{CE7785EA-CD3A-4113-B2CF-5DBC9B92F033}"
	ProjectSection(ProjectDependencies) = postProject
		{AFB7BF90-43F0-4610-90DA-58624A17F7E4} = {AFB7BF90-43F0-4610-90DA-58624A17F7E4}
	EndProjectSection
EndProject
Project("{FAE04EC0-301F-11D3-BF4B-00C04F79EFBC}") = "DPKS.Service", "..\DPKS.Service\DPKS.Service.csproj", "{DA48BF75-5076-469F-AA6D-B667D799D43B}"
	ProjectSection(ProjectDependencies) = postProject
		{AFB7BF90-43F0-4610-90DA-58624A17F7E4} = {AFB7BF90-43F0-4610-90DA-58624A17F7E4}
		{CE7785EA-CD3A-4113-B2CF-5DBC9B92F033} = {CE7785EA-CD3A-4113-B2CF-5DBC9B92F033}
		{F9672499-BC68-4645-8ACF-3BEA0DED7F05} = {F9672499-BC68-4645-8ACF-3BEA0DED7F05}
	EndProjectSection
EndProject
Global
	GlobalSection(SolutionConfigurationPlatforms) = preSolution
		Debug|Any CPU = Debug|Any CPU
		Release|Any CPU = Release|Any CPU
	EndGlobalSection
	GlobalSection(ProjectConfigurationPlatforms) = postSolution
		{D6D59CBD-71DA-40A4-BF97-1C12C23D0C6C}.Debug|Any CPU.ActiveCfg = Debug|Any CPU
		{D6D59CBD-71DA-40A4-BF97-1C12C23D0C6C}.Debug|Any CPU.Build.0 = Debug|Any CPU
		{D6D59CBD-71DA-40A4-BF97-1C12C23D0C6C}.Release|Any CPU.ActiveCfg = Release|Any CPU
		{D6D59CBD-71DA-40A4-BF97-1C12C23D0C6C}.Release|Any CPU.Build.0 = Release|Any CPU
		{3E170127-B920-4F24-91F4-2D7BB67BB178}.Debug|Any CPU.ActiveCfg = Debug|Any CPU
		{3E170127-B920-4F24-91F4-2D7BB67BB178}.Debug|Any CPU.Build.0 = Debug|Any CPU
		{3E170127-B920-4F24-91F4-2D7BB67BB178}.Release|Any CPU.ActiveCfg = Release|Any CPU
		{3E170127-B920-4F24-91F4-2D7BB67BB178}.Release|Any CPU.Build.0 = Release|Any CPU
		{AFB7BF90-43F0-4610-90DA-58624A17F7E4}.Debug|Any CPU.ActiveCfg = Debug|Any CPU
		{AFB7BF90-43F0-4610-90DA-58624A17F7E4}.Debug|Any CPU.Build.0 = Debug|Any CPU
		{AFB7BF90-43F0-4610-90DA-58624A17F7E4}.Release|Any CPU.ActiveCfg = Release|Any CPU
		{AFB7BF90-43F0-4610-90DA-58624A17F7E4}.Release|Any CPU.Build.0 = Release|Any CPU
		{F9672499-BC68-4645-8ACF-3BEA0DED7F05}.Debug|Any CPU.ActiveCfg = Debug|Any CPU
		{F9672499-BC68-4645-8ACF-3BEA0DED7F05}.Debug|Any CPU.Build.0 = Debug|Any CPU
		{F9672499-BC68-4645-8ACF-3BEA0DED7F05}.Release|Any CPU.ActiveCfg = Release|Any CPU
		{F9672499-BC68-4645-8ACF-3BEA0DED7F05}.Release|Any CPU.Build.0 = Release|Any CPU
		{CE7785EA-CD3A-4113-B2CF-5DBC9B92F033}.Debug|Any CPU.ActiveCfg = Debug|Any CPU
		{CE7785EA-CD3A-4113-B2CF-5DBC9B92F033}.Debug|Any CPU.Build.0 = Debug|Any CPU
		{CE7785EA-CD3A-4113-B2CF-5DBC9B92F033}.Release|Any CPU.ActiveCfg = Release|Any CPU
		{CE7785EA-CD3A-4113-B2CF-5DBC9B92F033}.Release|Any CPU.Build.0 = Release|Any CPU
		{DA48BF75-5076-469F-AA6D-B667D799D43B}.Debug|Any CPU.ActiveCfg = Debug|Any CPU
		{DA48BF75-5076-469F-AA6D-B667D799D43B}.Debug|Any CPU.Build.0 = Debug|Any CPU
		{DA48BF75-5076-469F-AA6D-B667D799D43B}.Release|Any CPU.ActiveCfg = Release|Any CPU
		{DA48BF75-5076-469F-AA6D-B667D799D43B}.Release|Any CPU.Build.0 = Release|Any CPU
	EndGlobalSection
	GlobalSection(SolutionProperties) = preSolution
		HideSolutionNode = FALSE
	EndGlobalSection
	GlobalSection(ExtensibilityGlobals) = postSolution
		SolutionGuid = {11B7A9ED-D841-4232-B239-96209EACB488}
	EndGlobalSection
EndGlobal
